
Microsoft Visual Studio Solution File, Format Version 12.00
# Visual Studio Version 16
VisualStudioVersion = 16.0.29326.143
MinimumVisualStudioVersion = 10.0.40219.1
Project("{9A19103F-16F7-4668-BE54-9A1E7A4F7556}") = "WebExtraction", "WebExtraction\WebExtraction.csproj", "{4FDC65B4-C58C-4DCB-ACEB-6C511B97E6CF}"
EndProject
Project("{FAE04EC0-301F-11D3-BF4B-00C04F79EFBC}") = "WebExtractionTest", "WebExtractionTest\WebExtractionTest.csproj", "{B96A2AE5-A235-4233-9382-00A87CB0A7F5}"
EndProject
Global
	GlobalSection(SolutionConfigurationPlatforms) = preSolution
		Debug|Any CPU = Debug|Any CPU
		Release|Any CPU = Release|Any CPU
	EndGlobalSection
	GlobalSection(ProjectConfigurationPlatforms) = postSolution
		{4FDC65B4-C58C-4DCB-ACEB-6C511B97E6CF}.Debug|Any CPU.ActiveCfg = Debug|Any CPU
		{4FDC65B4-C58C-4DCB-ACEB-6C511B97E6CF}.Debug|Any CPU.Build.0 = Debug|Any CPU
		{4FDC65B4-C58C-4DCB-ACEB-6C511B97E6CF}.Release|Any CPU.ActiveCfg = Release|Any CPU
		{4FDC65B4-C58C-4DCB-ACEB-6C511B97E6CF}.Release|Any CPU.Build.0 = Release|Any CPU
		{B96A2AE5-A235-4233-9382-00A87CB0A7F5}.Debug|Any CPU.ActiveCfg = Debug|Any CPU
		{B96A2AE5-A235-4233-9382-00A87CB0A7F5}.Debug|Any CPU.Build.0 = Debug|Any CPU
		{B96A2AE5-A235-4233-9382-00A87CB0A7F5}.Release|Any CPU.ActiveCfg = Release|Any CPU
		{B96A2AE5-A235-4233-9382-00A87CB0A7F5}.Release|Any CPU.Build.0 = Release|Any CPU
	EndGlobalSection
	GlobalSection(SolutionProperties) = preSolution
		HideSolutionNode = FALSE
	EndGlobalSection
	GlobalSection(ExtensibilityGlobals) = postSolution
		SolutionGuid = {C57FDAE0-64F8-490D-B1B2-7A9465C497F8}
	EndGlobalSection
EndGlobal
